
Microsoft Visual Studio Solution File, Format Version 12.00
# Visual Studio Version 17
VisualStudioVersion = 17.5.33627.172
MinimumVisualStudioVersion = 10.0.40219.1
Project("{FAE04EC0-301F-11D3-BF4B-00C04F79EFBC}") = "ListaAtividade8p3", "ListaAtividade8p3\ListaAtividade8p3.csproj", "{49944678-6A5F-4900-BBB3-B6199F2F4EB7}"
EndProject
Global
	GlobalSection(SolutionConfigurationPlatforms) = preSolution
		Debug|Any CPU = Debug|Any CPU
		Release|Any CPU = Release|Any CPU
	EndGlobalSection
	GlobalSection(ProjectConfigurationPlatforms) = postSolution
		{49944678-6A5F-4900-BBB3-B6199F2F4EB7}.Debug|Any CPU.ActiveCfg = Debug|Any CPU
		{49944678-6A5F-4900-BBB3-B6199F2F4EB7}.Debug|Any CPU.Build.0 = Debug|Any CPU
		{49944678-6A5F-4900-BBB3-B6199F2F4EB7}.Release|Any CPU.ActiveCfg = Release|Any CPU
		{49944678-6A5F-4900-BBB3-B6199F2F4EB7}.Release|Any CPU.Build.0 = Release|Any CPU
	EndGlobalSection
	GlobalSection(SolutionProperties) = preSolution
		HideSolutionNode = FALSE
	EndGlobalSection
	GlobalSection(ExtensibilityGlobals) = postSolution
		SolutionGuid = {5A0596E9-4B0A-4B4B-9C1F-FE9E0EC88B46}
	EndGlobalSection
EndGlobal
