
Microsoft Visual Studio Solution File, Format Version 12.00
# Visual Studio Version 17
VisualStudioVersion = 17.5.33516.290
MinimumVisualStudioVersion = 10.0.40219.1
Project("{FAE04EC0-301F-11D3-BF4B-00C04F79EFBC}") = "ListaAtividade3", "ListaAtividade3\ListaAtividade3.csproj", "{BAB71004-145C-473C-A437-4F64AF04A364}"
EndProject
Global
	GlobalSection(SolutionConfigurationPlatforms) = preSolution
		Debug|Any CPU = Debug|Any CPU
		Release|Any CPU = Release|Any CPU
	EndGlobalSection
	GlobalSection(ProjectConfigurationPlatforms) = postSolution
		{BAB71004-145C-473C-A437-4F64AF04A364}.Debug|Any CPU.ActiveCfg = Debug|Any CPU
		{BAB71004-145C-473C-A437-4F64AF04A364}.Debug|Any CPU.Build.0 = Debug|Any CPU
		{BAB71004-145C-473C-A437-4F64AF04A364}.Release|Any CPU.ActiveCfg = Release|Any CPU
		{BAB71004-145C-473C-A437-4F64AF04A364}.Release|Any CPU.Build.0 = Release|Any CPU
	EndGlobalSection
	GlobalSection(SolutionProperties) = preSolution
		HideSolutionNode = FALSE
	EndGlobalSection
	GlobalSection(ExtensibilityGlobals) = postSolution
		SolutionGuid = {6AC43A98-B136-4744-BB0D-812B28A6E344}
	EndGlobalSection
EndGlobal
